
Microsoft Visual Studio Solution File, Format Version 12.00
# Visual Studio Version 17
VisualStudioVersion = 17.4.33122.133
MinimumVisualStudioVersion = 10.0.40219.1
Project("{FAE04EC0-301F-11D3-BF4B-00C04F79EFBC}") = "task 27-12", "task 27-12\task 27-12.csproj", "{C7CA48F1-DCEC-40FC-B365-E31F8ACF843B}"
EndProject
Global
	GlobalSection(SolutionConfigurationPlatforms) = preSolution
		Debug|Any CPU = Debug|Any CPU
		Release|Any CPU = Release|Any CPU
	EndGlobalSection
	GlobalSection(ProjectConfigurationPlatforms) = postSolution
		{C7CA48F1-DCEC-40FC-B365-E31F8ACF843B}.Debug|Any CPU.ActiveCfg = Debug|Any CPU
		{C7CA48F1-DCEC-40FC-B365-E31F8ACF843B}.Debug|Any CPU.Build.0 = Debug|Any CPU
		{C7CA48F1-DCEC-40FC-B365-E31F8ACF843B}.Release|Any CPU.ActiveCfg = Release|Any CPU
		{C7CA48F1-DCEC-40FC-B365-E31F8ACF843B}.Release|Any CPU.Build.0 = Release|Any CPU
	EndGlobalSection
	GlobalSection(SolutionProperties) = preSolution
		HideSolutionNode = FALSE
	EndGlobalSection
	GlobalSection(ExtensibilityGlobals) = postSolution
		SolutionGuid = {4A4F816A-AEF4-4FA3-885F-FD1614D090AA}
	EndGlobalSection
EndGlobal
